
Microsoft Visual Studio Solution File, Format Version 12.00
# Visual Studio Version 17
VisualStudioVersion = 17.2.32630.192
MinimumVisualStudioVersion = 10.0.40219.1
Project("{FAE04EC0-301F-11D3-BF4B-00C04F79EFBC}") = "BaseNetCoreAPI", "BaseNetCoreAPI\BaseNetCoreAPI.csproj", "{5DEF6F4C-8566-476E-BA7E-0D9F027CE529}"
EndProject
Global
	GlobalSection(SolutionConfigurationPlatforms) = preSolution
		Debug|Any CPU = Debug|Any CPU
		Release|Any CPU = Release|Any CPU
	EndGlobalSection
	GlobalSection(ProjectConfigurationPlatforms) = postSolution
		{5DEF6F4C-8566-476E-BA7E-0D9F027CE529}.Debug|Any CPU.ActiveCfg = Debug|Any CPU
		{5DEF6F4C-8566-476E-BA7E-0D9F027CE529}.Debug|Any CPU.Build.0 = Debug|Any CPU
		{5DEF6F4C-8566-476E-BA7E-0D9F027CE529}.Release|Any CPU.ActiveCfg = Release|Any CPU
		{5DEF6F4C-8566-476E-BA7E-0D9F027CE529}.Release|Any CPU.Build.0 = Release|Any CPU
	EndGlobalSection
	GlobalSection(SolutionProperties) = preSolution
		HideSolutionNode = FALSE
	EndGlobalSection
	GlobalSection(ExtensibilityGlobals) = postSolution
		SolutionGuid = {CCDD52A4-65CC-44FC-8110-58E90E906D77}
	EndGlobalSection
EndGlobal
